{
  "version": 1,
  "dependencies": {
    "net7.0-windows7.0": {
      "DalamudPackager": {
        "type": "Direct",
        "requested": "[2.1.12, )",
        "resolved": "2.1.12",
        "contentHash": "Sc0PVxvgg4NQjcI8n10/VfUQBAS4O+Fw2pZrAqBdRMbthYGeogzu5+xmIGCGmsEZ/ukMOBuAqiNiB5qA3MRalg=="
      },
      "Microsoft.AspNetCore.SignalR.Client": {
        "type": "Direct",
        "requested": "[7.0.11, )",
        "resolved": "7.0.11",
        "contentHash": "JqDbl2hs3OG2kinmnz1H3/hUwbUV9oLJDoC7jS/lXhU2354n4hip6tydcu8DaOqQ34oGqUxc1rpQP0F9hceyeQ==",
        "dependencies": {
          "Microsoft.AspNetCore.Http.Connections.Client": "7.0.11",
          "Microsoft.AspNetCore.SignalR.Client.Core": "7.0.11"
        }
      },
      "Microsoft.AspNetCore.Connections.Abstractions": {
        "type": "Transitive",
        "resolved": "7.0.11",
        "contentHash": "zE/12cfNKnvtv3t5oB5f7bhXnyJ9zMi17XFjX95QVCmq8OiTqlT6U+S0JLwBi0f62m7ZTUIvelvleZZnEqQ7Kw==",
        "dependencies": {
          "Microsoft.Extensions.Features": "7.0.11",
          "System.IO.Pipelines": "7.0.0"
        }
      },
      "Microsoft.AspNetCore.Http.Connections.Client": {
        "type": "Transitive",
        "resolved": "7.0.11",
        "contentHash": "oXZPgHNXKUg2lV9rxiiRR2F4no81jdjSofiZK0gLGaFs79AjWdKG7FXmZQd9X5FvO3N6Irl8A7nYbzn3eXipAg==",
        "dependencies": {
          "Microsoft.AspNetCore.Http.Connections.Common": "7.0.11",
          "Microsoft.Extensions.Logging.Abstractions": "7.0.1",
          "Microsoft.Extensions.Options": "7.0.1"
        }
      },
      "Microsoft.AspNetCore.Http.Connections.Common": {
        "type": "Transitive",
        "resolved": "7.0.11",
        "contentHash": "IefcFhboYzlFEBI8Qr8BfvZ5YacxLhjxKswvhgjSsFGSLxuk36J70WlMflPQiFp9Eu1M/add+iavdNfJdjeJJA==",
        "dependencies": {
          "Microsoft.AspNetCore.Connections.Abstractions": "7.0.11"
        }
      },
      "Microsoft.AspNetCore.SignalR.Client.Core": {
        "type": "Transitive",
        "resolved": "7.0.11",
        "contentHash": "zlkRiPNJJNv7K9vqJOCcCB6c047lcd1zO8immgw2kDOowoK+MPU79D856G0HtXXRktve2EfZ2/TqClI01FAM4g==",
        "dependencies": {
          "Microsoft.AspNetCore.SignalR.Common": "7.0.11",
          "Microsoft.AspNetCore.SignalR.Protocols.Json": "7.0.11",
          "Microsoft.Extensions.DependencyInjection": "7.0.0",
          "Microsoft.Extensions.Logging": "7.0.0",
          "System.Threading.Channels": "7.0.0"
        }
      },
      "Microsoft.AspNetCore.SignalR.Common": {
        "type": "Transitive",
        "resolved": "7.0.11",
        "contentHash": "MNP/h1mkGPTDXmYIeQky9lTHHXebo07mbJSrYenG+wuwauduU+2XMwetoIYOHYTGB13T7hm1Sro7l/ZmKTj+dA==",
        "dependencies": {
          "Microsoft.AspNetCore.Connections.Abstractions": "7.0.11",
          "Microsoft.Extensions.Options": "7.0.1"
        }
      },
      "Microsoft.AspNetCore.SignalR.Protocols.Json": {
        "type": "Transitive",
        "resolved": "7.0.11",
        "contentHash": "zFWJ2UXohJHIL30HmqAUDAxJKX7RIiVl4EuM35l1uuQnvKKs5Pc6DeI9VZO/xt+FHrJrpK+jxmLxQZ8R6xCveQ==",
        "dependencies": {
          "Microsoft.AspNetCore.SignalR.Common": "7.0.11"
        }
      },
      "Microsoft.Extensions.DependencyInjection": {
        "type": "Transitive",
        "resolved": "7.0.0",
        "contentHash": "elNeOmkeX3eDVG6pYVeV82p29hr+UKDaBhrZyWvWLw/EVZSYEkZlQdkp0V39k/Xehs2Qa0mvoCvkVj3eQxNQ1Q==",
        "dependencies": {
          "Microsoft.Extensions.DependencyInjection.Abstractions": "7.0.0"
        }
      },
      "Microsoft.Extensions.DependencyInjection.Abstractions": {
        "type": "Transitive",
        "resolved": "7.0.0",
        "contentHash": "h3j/QfmFN4S0w4C2A6X7arXij/M/OVw3uQHSOFxnND4DyAzO1F9eMX7Eti7lU/OkSthEE0WzRsfT/Dmx86jzCw=="
      },
      "Microsoft.Extensions.Features": {
        "type": "Transitive",
        "resolved": "7.0.11",
        "contentHash": "gEMAI/gM2sxFlXRKDO7ilzvcv9D4La1fMiWQ3SOUFH8Vni15BQCCu+i04KcIUCbs2Z5KH5bFgJBcr3XXXkahGA=="
      },
      "Microsoft.Extensions.Logging": {
        "type": "Transitive",
        "resolved": "7.0.0",
        "contentHash": "Nw2muoNrOG5U5qa2ZekXwudUn2BJcD41e65zwmDHb1fQegTX66UokLWZkJRpqSSHXDOWZ5V0iqhbxOEky91atA==",
        "dependencies": {
          "Microsoft.Extensions.DependencyInjection": "7.0.0",
          "Microsoft.Extensions.DependencyInjection.Abstractions": "7.0.0",
          "Microsoft.Extensions.Logging.Abstractions": "7.0.0",
          "Microsoft.Extensions.Options": "7.0.0"
        }
      },
      "Microsoft.Extensions.Logging.Abstractions": {
        "type": "Transitive",
        "resolved": "7.0.1",
        "contentHash": "pkeBFx0vqMW/A3aUVHh7MPu3WkBhaVlezhSZeb1c9XD0vUReYH1TLFSy5MxJgZfmz5LZzYoErMorlYZiwpOoNA=="
      },
      "Microsoft.Extensions.Options": {
        "type": "Transitive",
        "resolved": "7.0.1",
        "contentHash": "pZRDYdN1FpepOIfHU62QoBQ6zdAoTvnjxFfqAzEd9Jhb2dfhA5i6jeTdgGgcgTWFRC7oT0+3XrbQu4LjvgX1Nw==",
        "dependencies": {
          "Microsoft.Extensions.DependencyInjection.Abstractions": "7.0.0",
          "Microsoft.Extensions.Primitives": "7.0.0"
        }
      },
      "Microsoft.Extensions.Primitives": {
        "type": "Transitive",
        "resolved": "7.0.0",
        "contentHash": "um1KU5kxcRp3CNuI8o/GrZtD4AIOXDk+RLsytjZ9QPok3ttLUelLKpilVPuaFT3TFjOhSibUAso0odbOaCDj3Q=="
      },
      "System.IO.Pipelines": {
        "type": "Transitive",
        "resolved": "7.0.0",
        "contentHash": "jRn6JYnNPW6xgQazROBLSfpdoczRw694vO5kKvMcNnpXuolEixUyw6IBuBs2Y2mlSX/LdLvyyWmfXhaI3ND1Yg=="
      },
      "System.Threading.Channels": {
        "type": "Transitive",
        "resolved": "7.0.0",
        "contentHash": "qmeeYNROMsONF6ndEZcIQ+VxR4Q/TX/7uIVLJqtwIWL7dDWeh0l1UIqgo4wYyjG//5lUNhwkLDSFl+pAWO6oiA=="
      },
      "waitingway.protocol": {
        "type": "Project"
      }
    }
  }
}